# This file is automatically @generated by Cargo.
# It is not intended for manual editing.
version = 3

[[package]]
name = "aho-corasick"
version = "0.7.18"
source = "registry+https://github.com/rust-lang/crates.io-index"
checksum = "1e37cfd5e7657ada45f742d6e99ca5788580b5c529dc78faf11ece6dc702656f"
dependencies = [
 "memchr",
]

[[package]]
name = "autocfg"
version = "1.0.1"
source = "registry+https://github.com/rust-lang/crates.io-index"
checksum = "cdb031dd78e28731d87d56cc8ffef4a8f36ca26c38fe2de700543e627f8a464a"

[[package]]
name = "byteorder"
version = "1.4.3"
source = "registry+https://github.com/rust-lang/crates.io-index"
checksum = "14c189c53d098945499cdfa7ecc63567cf3886b3332b312a5b4585d8d3a6a610"

[[package]]
name = "cpython"
version = "0.6.0"
source = "registry+https://github.com/rust-lang/crates.io-index"
checksum = "8094679a4e9bfc8035572162624bc800eda35b5f9eff2537b9cd9aacc3d9782e"
dependencies = [
 "libc",
 "num-traits",
 "paste",
 "python3-sys",
]

[[package]]
name = "libc"
version = "0.2.104"
source = "registry+https://github.com/rust-lang/crates.io-index"
checksum = "7b2f96d100e1cf1929e7719b7edb3b90ab5298072638fccd77be9ce942ecdfce"

[[package]]
name = "memchr"
version = "2.4.1"
source = "registry+https://github.com/rust-lang/crates.io-index"
checksum = "308cc39be01b73d0d18f82a0e7b2a3df85245f84af96fdddc5d202d27e47b86a"

[[package]]
name = "num-traits"
version = "0.2.14"
source = "registry+https://github.com/rust-lang/crates.io-index"
checksum = "9a64b1ec5cda2586e284722486d802acf1f7dbdc623e2bfc57e65ca1cd099290"
dependencies = [
 "autocfg",
]

[[package]]
name = "paste"
version = "1.0.5"
source = "registry+https://github.com/rust-lang/crates.io-index"
checksum = "acbf547ad0c65e31259204bd90935776d1c693cec2f4ff7abb7a1bbbd40dfe58"

[[package]]
name = "python3-sys"
version = "0.6.0"
source = "registry+https://github.com/rust-lang/crates.io-index"
checksum = "b78af21b29594951a47fc3dac9b9eff0a3f077dec2f780ee943ae16a668f3b6a"
dependencies = [
 "libc",
 "regex",
]

[[package]]
name = "regex"
version = "1.5.4"
source = "registry+https://github.com/rust-lang/crates.io-index"
checksum = "d07a8629359eb56f1e2fb1652bb04212c072a87ba68546a04065d525673ac461"
dependencies = [
 "aho-corasick",
 "memchr",
 "regex-syntax",
]

[[package]]
name = "regex-syntax"
version = "0.6.25"
source = "registry+https://github.com/rust-lang/crates.io-index"
checksum = "f497285884f3fcff424ffc933e56d7cbca511def0c9831a7f9b5f6153e3cc89b"

[[package]]
name = "rl_ball_sym"
version = "0.6.0"
source = "registry+https://github.com/rust-lang/crates.io-index"
checksum = "c2f32200ab3cb7c04240b0da66bed0b97a1bfdde3db2333d8f72ff786f06a6bb"
dependencies = [
 "byteorder",
 "vvec3",
]

[[package]]
name = "rl_ball_sym_pybinds"
version = "0.1.2"
dependencies = [
 "cpython",
 "rl_ball_sym",
 "vvec3",
]

[[package]]
name = "vvec3"
version = "0.1.0"
source = "registry+https://github.com/rust-lang/crates.io-index"
checksum = "2df50ff45a76b0a8099d7ae39200ad0c4f92801feca89b14e332f9198a50c01a"
